
Microsoft Visual Studio Solution File, Format Version 12.00
# Visual Studio Version 16
VisualStudioVersion = 16.0.32106.194
MinimumVisualStudioVersion = 10.0.40219.1
Project("{FAE04EC0-301F-11D3-BF4B-00C04F79EFBC}") = "Patterns", "Patterns\Patterns.csproj", "{2BA0BC29-3725-4DD3-8478-8662E0788DD3}"
EndProject
Global
	GlobalSection(SolutionConfigurationPlatforms) = preSolution
		Debug|Any CPU = Debug|Any CPU
		Release|Any CPU = Release|Any CPU
	EndGlobalSection
	GlobalSection(ProjectConfigurationPlatforms) = postSolution
		{2BA0BC29-3725-4DD3-8478-8662E0788DD3}.Debug|Any CPU.ActiveCfg = Debug|Any CPU
		{2BA0BC29-3725-4DD3-8478-8662E0788DD3}.Debug|Any CPU.Build.0 = Debug|Any CPU
		{2BA0BC29-3725-4DD3-8478-8662E0788DD3}.Release|Any CPU.ActiveCfg = Release|Any CPU
		{2BA0BC29-3725-4DD3-8478-8662E0788DD3}.Release|Any CPU.Build.0 = Release|Any CPU
	EndGlobalSection
	GlobalSection(SolutionProperties) = preSolution
		HideSolutionNode = FALSE
	EndGlobalSection
	GlobalSection(ExtensibilityGlobals) = postSolution
		SolutionGuid = {38E34572-BE0F-4296-83C9-DA62668E2E9F}
	EndGlobalSection
EndGlobal
